// !$*UTF8*$!
{
	archiveVersion = 1;
	classes = {
	};
	objectVersion = 46;
	objects = {

/* Begin PBXBuildFile section */
		633F2FC91A6177090085B9F0 /* AppDelegate.swift in Sources */ = {isa = PBXBuildFile; fileRef = 633F2FC81A6177090085B9F0 /* AppDelegate.swift */; };
		633F2FCB1A6177090085B9F0 /* Images.xcassets in Resources */ = {isa = PBXBuildFile; fileRef = 633F2FCA1A6177090085B9F0 /* Images.xcassets */; };
		633F2FCE1A6177090085B9F0 /* MainMenu.xib in Resources */ = {isa = PBXBuildFile; fileRef = 633F2FCC1A6177090085B9F0 /* MainMenu.xib */; };
		633F2FDA1A6177090085B9F0 /* TestApp1Tests.swift in Sources */ = {isa = PBXBuildFile; fileRef = 633F2FD91A6177090085B9F0 /* TestApp1Tests.swift */; };
		633F2FE71A6177330085B9F0 /* NMDatePicker.swift in Sources */ = {isa = PBXBuildFile; fileRef = 633F2FE51A6177330085B9F0 /* NMDatePicker.swift */; };
		633F2FED1A61EAED0085B9F0 /* NMDatePickerDayView.swift in Sources */ = {isa = PBXBuildFile; fileRef = 633F2FEC1A61EAED0085B9F0 /* NMDatePickerDayView.swift */; };
/* End PBXBuildFile section */

/* Begin PBXContainerItemProxy section */
		633F2FD41A6177090085B9F0 /* PBXContainerItemProxy */ = {
			isa = PBXContainerItemProxy;
			containerPortal = 633F2FBB1A6177090085B9F0 /* Project object */;
			proxyType = 1;
			remoteGlobalIDString = 633F2FC21A6177090085B9F0;
			remoteInfo = TestApp1;
		};
/* End PBXContainerItemProxy section */

/* Begin PBXFileReference section */
		633F2FC31A6177090085B9F0 /* TestApp1.app */ = {isa = PBXFileReference; explicitFileType = wrapper.application; includeInIndex = 0; path = TestApp1.app; sourceTree = BUILT_PRODUCTS_DIR; };
		633F2FC71A6177090085B9F0 /* Info.plist */ = {isa = PBXFileReference; lastKnownFileType = text.plist.xml; path = Info.plist; sourceTree = "<group>"; };
		633F2FC81A6177090085B9F0 /* AppDelegate.swift */ = {isa = PBXFileReference; lastKnownFileType = sourcecode.swift; path = AppDelegate.swift; sourceTree = "<group>"; };
		633F2FCA1A6177090085B9F0 /* Images.xcassets */ = {isa = PBXFileReference; lastKnownFileType = folder.assetcatalog; path = Images.xcassets; sourceTree = "<group>"; };
		633F2FCD1A6177090085B9F0 /* Base */ = {isa = PBXFileReference; lastKnownFileType = file.xib; name = Base; path = Base.lproj/MainMenu.xib; sourceTree = "<group>"; };
		633F2FD31A6177090085B9F0 /* TestApp1Tests.xctest */ = {isa = PBXFileReference; explicitFileType = wrapper.cfbundle; includeInIndex = 0; path = TestApp1Tests.xctest; sourceTree = BUILT_PRODUCTS_DIR; };
		633F2FD81A6177090085B9F0 /* Info.plist */ = {isa = PBXFileReference; lastKnownFileType = text.plist.xml; path = Info.plist; sourceTree = "<group>"; };
		633F2FD91A6177090085B9F0 /* TestApp1Tests.swift */ = {isa = PBXFileReference; lastKnownFileType = sourcecode.swift; path = TestApp1Tests.swift; sourceTree = "<group>"; };
		633F2FE51A6177330085B9F0 /* NMDatePicker.swift */ = {isa = PBXFileReference; fileEncoding = 4; lastKnownFileType = sourcecode.swift; name = NMDatePicker.swift; path = ../../NMDatePicker/NMDatePicker.swift; sourceTree = "<group>"; };
		633F2FEC1A61EAED0085B9F0 /* NMDatePickerDayView.swift */ = {isa = PBXFileReference; fileEncoding = 4; lastKnownFileType = sourcecode.swift; name = NMDatePickerDayView.swift; path = ../../NMDatePicker/NMDatePickerDayView.swift; sourceTree = "<group>"; };
/* End PBXFileReference section */

/* Begin PBXFrameworksBuildPhase section */
		633F2FC01A6177090085B9F0 /* Frameworks */ = {
			isa = PBXFrameworksBuildPhase;
			buildActionMask = 2147483647;
			files = (
			);
			runOnlyForDeploymentPostprocessing = 0;
		};
		633F2FD01A6177090085B9F0 /* Frameworks */ = {
			isa = PBXFrameworksBuildPhase;
			buildActionMask = 2147483647;
			files = (
			);
			runOnlyForDeploymentPostprocessing = 0;
		};
/* End PBXFrameworksBuildPhase section */

/* Begin PBXGroup section */
		633F2FBA1A6177090085B9F0 = {
			isa = PBXGroup;
			children = (
				633F2FC51A6177090085B9F0 /* TestApp1 */,
				633F2FD61A6177090085B9F0 /* TestApp1Tests */,
				633F2FC41A6177090085B9F0 /* Products */,
			);
			sourceTree = "<group>";
		};
		633F2FC41A6177090085B9F0 /* Products */ = {
			isa = PBXGroup;
			children = (
				633F2FC31A6177090085B9F0 /* TestApp1.app */,
				633F2FD31A6177090085B9F0 /* TestApp1Tests.xctest */,
			);
			name = Products;
			sourceTree = "<group>";
		};
		633F2FC51A6177090085B9F0 /* TestApp1 */ = {
			isa = PBXGroup;
			children = (
				633F2FE31A61771E0085B9F0 /* NMDatePicker */,
				633F2FC81A6177090085B9F0 /* AppDelegate.swift */,
				633F2FCA1A6177090085B9F0 /* Images.xcassets */,
				633F2FCC1A6177090085B9F0 /* MainMenu.xib */,
				633F2FC61A6177090085B9F0 /* Supporting Files */,
			);
			path = TestApp1;
			sourceTree = "<group>";
		};
		633F2FC61A6177090085B9F0 /* Supporting Files */ = {
			isa = PBXGroup;
			children = (
				633F2FC71A6177090085B9F0 /* Info.plist */,
			);
			name = "Supporting Files";
			sourceTree = "<group>";
		};
		633F2FD61A6177090085B9F0 /* TestApp1Tests */ = {
			isa = PBXGroup;
			children = (
				633F2FD91A6177090085B9F0 /* TestApp1Tests.swift */,
				633F2FD71A6177090085B9F0 /* Supporting Files */,
			);
			path = TestApp1Tests;
			sourceTree = "<group>";
		};
		633F2FD71A6177090085B9F0 /* Supporting Files */ = {
			isa = PBXGroup;
			children = (
				633F2FD81A6177090085B9F0 /* Info.plist */,
			);
			name = "Supporting Files";
			sourceTree = "<group>";
		};
		633F2FE31A61771E0085B9F0 /* NMDatePicker */ = {
			isa = PBXGroup;
			children = (
				633F2FE51A6177330085B9F0 /* NMDatePicker.swift */,
				633F2FEC1A61EAED0085B9F0 /* NMDatePickerDayView.swift */,
			);
			name = NMDatePicker;
			sourceTree = "<group>";
		};
/* End PBXGroup section */

/* Begin PBXNativeTarget section */
		633F2FC21A6177090085B9F0 /* TestApp1 */ = {
			isa = PBXNativeTarget;
			buildConfigurationList = 633F2FDD1A6177090085B9F0 /* Build configuration list for PBXNativeTarget "TestApp1" */;
			buildPhases = (
				633F2FBF1A6177090085B9F0 /* Sources */,
				633F2FC01A6177090085B9F0 /* Frameworks */,
				633F2FC11A6177090085B9F0 /* Resources */,
			);
			buildRules = (
			);
			dependencies = (
			);
			name = TestApp1;
			productName = TestApp1;
			productReference = 633F2FC31A6177090085B9F0 /* TestApp1.app */;
			productType = "com.apple.product-type.application";
		};
		633F2FD21A6177090085B9F0 /* TestApp1Tests */ = {
			isa = PBXNativeTarget;
			buildConfigurationList = 633F2FE01A6177090085B9F0 /* Build configuration list for PBXNativeTarget "TestApp1Tests" */;
			buildPhases = (
				633F2FCF1A6177090085B9F0 /* Sources */,
				633F2FD01A6177090085B9F0 /* Frameworks */,
				633F2FD11A6177090085B9F0 /* Resources */,
			);
			buildRules = (
			);
			dependencies = (
				633F2FD51A6177090085B9F0 /* PBXTargetDependency */,
			);
			name = TestApp1Tests;
			productName = TestApp1Tests;
			productReference = 633F2FD31A6177090085B9F0 /* TestApp1Tests.xctest */;
			productType = "com.apple.product-type.bundle.unit-test";
		};
/* End PBXNativeTarget section */

/* Begin PBXProject section */
		633F2FBB1A6177090085B9F0 /* Project object */ = {
			isa = PBXProject;
			attributes = {
				LastSwiftUpdateCheck = 0700;
				LastUpgradeCheck = 0800;
				ORGANIZATIONNAME = Netmedia;
				TargetAttributes = {
					633F2FC21A6177090085B9F0 = {
						CreatedOnToolsVersion = 6.1.1;
						LastSwiftMigration = 0800;
					};
					633F2FD21A6177090085B9F0 = {
						CreatedOnToolsVersion = 6.1.1;
						LastSwiftMigration = 0800;
						TestTargetID = 633F2FC21A6177090085B9F0;
					};
				};
			};
			buildConfigurationList = 633F2FBE1A6177090085B9F0 /* Build configuration list for PBXProject "TestApp1" */;
			compatibilityVersion = "Xcode 3.2";
			developmentRegion = English;
			hasScannedForEncodings = 0;
			knownRegions = (
				en,
				Base,
			);
			mainGroup = 633F2FBA1A6177090085B9F0;
			productRefGroup = 633F2FC41A6177090085B9F0 /* Products */;
			projectDirPath = "";
			projectRoot = "";
			targets = (
				633F2FC21A6177090085B9F0 /* TestApp1 */,
				633F2FD21A6177090085B9F0 /* TestApp1Tests */,
			);
		};
/* End PBXProject section */

/* Begin PBXResourcesBuildPhase section */
		633F2FC11A6177090085B9F0 /* Resources */ = {
			isa = PBXResourcesBuildPhase;
			buildActionMask = 2147483647;
			files = (
				633F2FCB1A6177090085B9F0 /* Images.xcassets in Resources */,
				633F2FCE1A6177090085B9F0 /* MainMenu.xib in Resources */,
			);
			runOnlyForDeploymentPostprocessing = 0;
		};
		633F2FD11A6177090085B9F0 /* Resources */ = {
			isa = PBXResourcesBuildPhase;
			buildActionMask = 2147483647;
			files = (
			);
			runOnlyForDeploymentPostprocessing = 0;
		};
/* End PBXResourcesBuildPhase section */

/* Begin PBXSourcesBuildPhase section */
		633F2FBF1A6177090085B9F0 /* Sources */ = {
			isa = PBXSourcesBuildPhase;
			buildActionMask = 2147483647;
			files = (
				633F2FC91A6177090085B9F0 /* AppDelegate.swift in Sources */,
				633F2FE71A6177330085B9F0 /* NMDatePicker.swift in Sources */,
				633F2FED1A61EAED0085B9F0 /* NMDatePickerDayView.swift in Sources */,
			);
			runOnlyForDeploymentPostprocessing = 0;
		};
		633F2FCF1A6177090085B9F0 /* Sources */ = {
			isa = PBXSourcesBuildPhase;
			buildActionMask = 2147483647;
			files = (
				633F2FDA1A6177090085B9F0 /* TestApp1Tests.swift in Sources */,
			);
			runOnlyForDeploymentPostprocessing = 0;
		};
/* End PBXSourcesBuildPhase section */

/* Begin PBXTargetDependency section */
		633F2FD51A6177090085B9F0 /* PBXTargetDependency */ = {
			isa = PBXTargetDependency;
			target = 633F2FC21A6177090085B9F0 /* TestApp1 */;
			targetProxy = 633F2FD41A6177090085B9F0 /* PBXContainerItemProxy */;
		};
/* End PBXTargetDependency section */

/* Begin PBXVariantGroup section */
		633F2FCC1A6177090085B9F0 /* MainMenu.xib */ = {
			isa = PBXVariantGroup;
			children = (
				633F2FCD1A6177090085B9F0 /* Base */,
			);
			name = MainMenu.xib;
			sourceTree = "<group>";
		};
/* End PBXVariantGroup section */

/* Begin XCBuildConfiguration section */
		633F2FDB1A6177090085B9F0 /* Debug */ = {
			isa = XCBuildConfiguration;
			buildSettings = {
				ALWAYS_SEARCH_USER_PATHS = NO;
				CLANG_CXX_LANGUAGE_STANDARD = "gnu++0x";
				CLANG_CXX_LIBRARY = "libc++";
				CLANG_ENABLE_MODULES = YES;
				CLANG_ENABLE_OBJC_ARC = YES;
				CLANG_WARN_BOOL_CONVERSION = YES;
				CLANG_WARN_CONSTANT_CONVERSION = YES;
				CLANG_WARN_DIRECT_OBJC_ISA_USAGE = YES_ERROR;
				CLANG_WARN_EMPTY_BODY = YES;
				CLANG_WARN_ENUM_CONVERSION = YES;
				CLANG_WARN_INFINITE_RECURSION = YES;
				CLANG_WARN_INT_CONVERSION = YES;
				CLANG_WARN_OBJC_ROOT_CLASS = YES_ERROR;
				CLANG_WARN_SUSPICIOUS_MOVE = YES;
				CLANG_WARN_UNREACHABLE_CODE = YES;
				CLANG_WARN__DUPLICATE_METHOD_MATCH = YES;
				CODE_SIGN_IDENTITY = "-";
				COPY_PHASE_STRIP = NO;
				ENABLE_STRICT_OBJC_MSGSEND = YES;
				ENABLE_TESTABILITY = YES;
				GCC_C_LANGUAGE_STANDARD = gnu99;
				GCC_DYNAMIC_NO_PIC = NO;
				GCC_NO_COMMON_BLOCKS = YES;
				GCC_OPTIMIZATION_LEVEL = 0;
				GCC_PREPROCESSOR_DEFINITIONS = (
					"DEBUG=1",
					"$(inherited)",
				);
				GCC_SYMBOLS_PRIVATE_EXTERN = NO;
				GCC_WARN_64_TO_32_BIT_CONVERSION = YES;
				GCC_WARN_ABOUT_RETURN_TYPE = YES_ERROR;
				GCC_WARN_UNDECLARED_SELECTOR = YES;
				GCC_WARN_UNINITIALIZED_AUTOS = YES_AGGRESSIVE;
				GCC_WARN_UNUSED_FUNCTION = YES;
				GCC_WARN_UNUSED_VARIABLE = YES;
				MACOSX_DEPLOYMENT_TARGET = 10.10;
				MTL_ENABLE_DEBUG_INFO = YES;
				ONLY_ACTIVE_ARCH = YES;
				SDKROOT = macosx;
				SWIFT_OPTIMIZATION_LEVEL = "-Onone";
			};
			name = Debug;
		};
		633F2FDC1A6177090085B9F0 /* Release */ = {
			isa = XCBuildConfiguration;
			buildSettings = {
				ALWAYS_SEARCH_USER_PATHS = NO;
				CLANG_CXX_LANGUAGE_STANDARD = "gnu++0x";
				CLANG_CXX_LIBRARY = "libc++";
				CLANG_ENABLE_MODULES = YES;
				CLANG_ENABLE_OBJC_ARC = YES;
				CLANG_WARN_BOOL_CONVERSION = YES;
				CLANG_WARN_CONSTANT_CONVERSION = YES;
				CLANG_WARN_DIRECT_OBJC_ISA_USAGE = YES_ERROR;
				CLANG_WARN_EMPTY_BODY = YES;
				CLANG_WARN_ENUM_CONVERSION = YES;
				CLANG_WARN_INFINITE_RECURSION = YES;
				CLANG_WARN_INT_CONVERSION = YES;
				CLANG_WARN_OBJC_ROOT_CLASS = YES_ERROR;
				CLANG_WARN_SUSPICIOUS_MOVE = YES;
				CLANG_WARN_UNREACHABLE_CODE = YES;
				CLANG_WARN__DUPLICATE_METHOD_MATCH = YES;
				CODE_SIGN_IDENTITY = "-";
				COPY_PHASE_STRIP = YES;
				DEBUG_INFORMATION_FORMAT = "dwarf-with-dsym";
				ENABLE_NS_ASSERTIONS = NO;
				ENABLE_STRICT_OBJC_MSGSEND = YES;
				GCC_C_LANGUAGE_STANDARD = gnu99;
				GCC_NO_COMMON_BLOCKS = YES;
				GCC_WARN_64_TO_32_BIT_CONVERSION = YES;
				GCC_WARN_ABOUT_RETURN_TYPE = YES_ERROR;
				GCC_WARN_UNDECLARED_SELECTOR = YES;
				GCC_WARN_UNINITIALIZED_AUTOS = YES_AGGRESSIVE;
				GCC_WARN_UNUSED_FUNCTION = YES;
				GCC_WARN_UNUSED_VARIABLE = YES;
				MACOSX_DEPLOYMENT_TARGET = 10.10;
				MTL_ENABLE_DEBUG_INFO = NO;
				SDKROOT = macosx;
				SWIFT_OPTIMIZATION_LEVEL = "-Owholemodule";
			};
			name = Release;
		};
		633F2FDE1A6177090085B9F0 /* Debug */ = {
			isa = XCBuildConfiguration;
			buildSettings = {
				ASSETCATALOG_COMPILER_APPICON_NAME = AppIcon;
				COMBINE_HIDPI_IMAGES = YES;
				INFOPLIST_FILE = TestApp1/Info.plist;
				LD_RUNPATH_SEARCH_PATHS = "$(inherited) @executable_path/../Frameworks";
				PRODUCT_BUNDLE_IDENTIFIER = "com.netmedia-software.$(PRODUCT_NAME:rfc1034identifier)";
				PRODUCT_NAME = "$(TARGET_NAME)";
				SWIFT_VERSION = 3.0;
			};
			name = Debug;
		};
		633F2FDF1A6177090085B9F0 /* Release */ = {
			isa = XCBuildConfiguration;
			buildSettings = {
				ASSETCATALOG_COMPILER_APPICON_NAME = AppIcon;
				COMBINE_HIDPI_IMAGES = YES;
				INFOPLIST_FILE = TestApp1/Info.plist;
				LD_RUNPATH_SEARCH_PATHS = "$(inherited) @executable_path/../Frameworks";
				PRODUCT_BUNDLE_IDENTIFIER = "com.netmedia-software.$(PRODUCT_NAME:rfc1034identifier)";
				PRODUCT_NAME = "$(TARGET_NAME)";
				SWIFT_VERSION = 3.0;
			};
			name = Release;
		};
		633F2FE11A6177090085B9F0 /* Debug */ = {
			isa = XCBuildConfiguration;
			buildSettings = {
				BUNDLE_LOADER = "$(TEST_HOST)";
				COMBINE_HIDPI_IMAGES = YES;
				FRAMEWORK_SEARCH_PATHS = (
					"$(DEVELOPER_FRAMEWORKS_DIR)",
					"$(inherited)",
				);
				GCC_PREPROCESSOR_DEFINITIONS = (
					"DEBUG=1",
					"$(inherited)",
				);
				INFOPLIST_FILE = TestApp1Tests/Info.plist;
				LD_RUNPATH_SEARCH_PATHS = "$(inherited) @executable_path/../Frameworks @loader_path/../Frameworks";
				PRODUCT_BUNDLE_IDENTIFIER = "com.netmedia-software.$(PRODUCT_NAME:rfc1034identifier)";
				PRODUCT_NAME = "$(TARGET_NAME)";
				SWIFT_VERSION = 3.0;
				TEST_HOST = "$(BUILT_PRODUCTS_DIR)/TestApp1.app/Contents/MacOS/TestApp1";
			};
			name = Debug;
		};
		633F2FE21A6177090085B9F0 /* Release */ = {
			isa = XCBuildConfiguration;
			buildSettings = {
				BUNDLE_LOADER = "$(TEST_HOST)";
				COMBINE_HIDPI_IMAGES = YES;
				FRAMEWORK_SEARCH_PATHS = (
					"$(DEVELOPER_FRAMEWORKS_DIR)",
					"$(inherited)",
				);
				INFOPLIST_FILE = TestApp1Tests/Info.plist;
				LD_RUNPATH_SEARCH_PATHS = "$(inherited) @executable_path/../Frameworks @loader_path/../Frameworks";
				PRODUCT_BUNDLE_IDENTIFIER = "com.netmedia-software.$(PRODUCT_NAME:rfc1034identifier)";
				PRODUCT_NAME = "$(TARGET_NAME)";
				SWIFT_VERSION = 3.0;
				TEST_HOST = "$(BUILT_PRODUCTS_DIR)/TestApp1.app/Contents/MacOS/TestApp1";
			};
			name = Release;
		};
/* End XCBuildConfiguration section */

/* Begin XCConfigurationList section */
		633F2FBE1A6177090085B9F0 /* Build configuration list for PBXProject "TestApp1" */ = {
			isa = XCConfigurationList;
			buildConfigurations = (
				633F2FDB1A6177090085B9F0 /* Debug */,
				633F2FDC1A6177090085B9F0 /* Release */,
			);
			defaultConfigurationIsVisible = 0;
			defaultConfigurationName = Release;
		};
		633F2FDD1A6177090085B9F0 /* Build configuration list for PBXNativeTarget "TestApp1" */ = {
			isa = XCConfigurationList;
			buildConfigurations = (
				633F2FDE1A6177090085B9F0 /* Debug */,
				633F2FDF1A6177090085B9F0 /* Release */,
			);
			defaultConfigurationIsVisible = 0;
			defaultConfigurationName = Release;
		};
		633F2FE01A6177090085B9F0 /* Build configuration list for PBXNativeTarget "TestApp1Tests" */ = {
			isa = XCConfigurationList;
			buildConfigurations = (
				633F2FE11A6177090085B9F0 /* Debug */,
				633F2FE21A6177090085B9F0 /* Release */,
			);
			defaultConfigurationIsVisible = 0;
			defaultConfigurationName = Release;
		};
/* End XCConfigurationList section */
	};
	rootObject = 633F2FBB1A6177090085B9F0 /* Project object */;
}
