// !$*UTF8*$!
{
	archiveVersion = 1;
	classes = {
	};
	objectVersion = 46;
	objects = {

/* Begin PBXBuildFile section */
		504778AC1D22529E0014B82E /* NMDatePicker.framework in Frameworks */ = {isa = PBXBuildFile; fileRef = 504778AB1D2252930014B82E /* NMDatePicker.framework */; };
		504778AD1D22529E0014B82E /* NMDatePicker.framework in Embed Frameworks */ = {isa = PBXBuildFile; fileRef = 504778AB1D2252930014B82E /* NMDatePicker.framework */; settings = {ATTRIBUTES = (CodeSignOnCopy, RemoveHeadersOnCopy, ); }; };
		63B9310C1A630B64001F4A5B /* AppDelegate.m in Sources */ = {isa = PBXBuildFile; fileRef = 63B9310B1A630B64001F4A5B /* AppDelegate.m */; };
		63B9310E1A630B64001F4A5B /* main.m in Sources */ = {isa = PBXBuildFile; fileRef = 63B9310D1A630B64001F4A5B /* main.m */; };
		63B931101A630B64001F4A5B /* Images.xcassets in Resources */ = {isa = PBXBuildFile; fileRef = 63B9310F1A630B64001F4A5B /* Images.xcassets */; };
		63B931131A630B64001F4A5B /* MainMenu.xib in Resources */ = {isa = PBXBuildFile; fileRef = 63B931111A630B64001F4A5B /* MainMenu.xib */; };
		63B9311F1A630B64001F4A5B /* TestApp4Tests.m in Sources */ = {isa = PBXBuildFile; fileRef = 63B9311E1A630B64001F4A5B /* TestApp4Tests.m */; };
/* End PBXBuildFile section */

/* Begin PBXContainerItemProxy section */
		504778AA1D2252930014B82E /* PBXContainerItemProxy */ = {
			isa = PBXContainerItemProxy;
			containerPortal = 504778A61D2252930014B82E /* NMDatePicker.xcodeproj */;
			proxyType = 2;
			remoteGlobalIDString = 504778911D224FD90014B82E;
			remoteInfo = NMDatePicker;
		};
		504778AE1D22529E0014B82E /* PBXContainerItemProxy */ = {
			isa = PBXContainerItemProxy;
			containerPortal = 504778A61D2252930014B82E /* NMDatePicker.xcodeproj */;
			proxyType = 1;
			remoteGlobalIDString = 504778901D224FD90014B82E;
			remoteInfo = NMDatePicker;
		};
		63B931191A630B64001F4A5B /* PBXContainerItemProxy */ = {
			isa = PBXContainerItemProxy;
			containerPortal = 63B930FD1A630B64001F4A5B /* Project object */;
			proxyType = 1;
			remoteGlobalIDString = 63B931041A630B64001F4A5B;
			remoteInfo = TestApp4;
		};
/* End PBXContainerItemProxy section */

/* Begin PBXCopyFilesBuildPhase section */
		504778B01D22529F0014B82E /* Embed Frameworks */ = {
			isa = PBXCopyFilesBuildPhase;
			buildActionMask = 2147483647;
			dstPath = "";
			dstSubfolderSpec = 10;
			files = (
				504778AD1D22529E0014B82E /* NMDatePicker.framework in Embed Frameworks */,
			);
			name = "Embed Frameworks";
			runOnlyForDeploymentPostprocessing = 0;
		};
/* End PBXCopyFilesBuildPhase section */

/* Begin PBXFileReference section */
		504778A61D2252930014B82E /* NMDatePicker.xcodeproj */ = {isa = PBXFileReference; lastKnownFileType = "wrapper.pb-project"; name = NMDatePicker.xcodeproj; path = ../NMDatePicker.xcodeproj; sourceTree = "<group>"; };
		63B931051A630B64001F4A5B /* TestApp4.app */ = {isa = PBXFileReference; explicitFileType = wrapper.application; includeInIndex = 0; path = TestApp4.app; sourceTree = BUILT_PRODUCTS_DIR; };
		63B931091A630B64001F4A5B /* Info.plist */ = {isa = PBXFileReference; lastKnownFileType = text.plist.xml; path = Info.plist; sourceTree = "<group>"; };
		63B9310A1A630B64001F4A5B /* AppDelegate.h */ = {isa = PBXFileReference; lastKnownFileType = sourcecode.c.h; path = AppDelegate.h; sourceTree = "<group>"; };
		63B9310B1A630B64001F4A5B /* AppDelegate.m */ = {isa = PBXFileReference; lastKnownFileType = sourcecode.c.objc; path = AppDelegate.m; sourceTree = "<group>"; };
		63B9310D1A630B64001F4A5B /* main.m */ = {isa = PBXFileReference; lastKnownFileType = sourcecode.c.objc; path = main.m; sourceTree = "<group>"; };
		63B9310F1A630B64001F4A5B /* Images.xcassets */ = {isa = PBXFileReference; lastKnownFileType = folder.assetcatalog; path = Images.xcassets; sourceTree = "<group>"; };
		63B931121A630B64001F4A5B /* Base */ = {isa = PBXFileReference; lastKnownFileType = file.xib; name = Base; path = Base.lproj/MainMenu.xib; sourceTree = "<group>"; };
		63B931181A630B64001F4A5B /* TestApp4Tests.xctest */ = {isa = PBXFileReference; explicitFileType = wrapper.cfbundle; includeInIndex = 0; path = TestApp4Tests.xctest; sourceTree = BUILT_PRODUCTS_DIR; };
		63B9311D1A630B64001F4A5B /* Info.plist */ = {isa = PBXFileReference; lastKnownFileType = text.plist.xml; path = Info.plist; sourceTree = "<group>"; };
		63B9311E1A630B64001F4A5B /* TestApp4Tests.m */ = {isa = PBXFileReference; lastKnownFileType = sourcecode.c.objc; path = TestApp4Tests.m; sourceTree = "<group>"; };
		63B931281A630BB0001F4A5B /* TestApp4-Bridging-Header.h */ = {isa = PBXFileReference; lastKnownFileType = sourcecode.c.h; path = "TestApp4-Bridging-Header.h"; sourceTree = "<group>"; };
/* End PBXFileReference section */

/* Begin PBXFrameworksBuildPhase section */
		63B931021A630B64001F4A5B /* Frameworks */ = {
			isa = PBXFrameworksBuildPhase;
			buildActionMask = 2147483647;
			files = (
				504778AC1D22529E0014B82E /* NMDatePicker.framework in Frameworks */,
			);
			runOnlyForDeploymentPostprocessing = 0;
		};
		63B931151A630B64001F4A5B /* Frameworks */ = {
			isa = PBXFrameworksBuildPhase;
			buildActionMask = 2147483647;
			files = (
			);
			runOnlyForDeploymentPostprocessing = 0;
		};
/* End PBXFrameworksBuildPhase section */

/* Begin PBXGroup section */
		504778A71D2252930014B82E /* Products */ = {
			isa = PBXGroup;
			children = (
				504778AB1D2252930014B82E /* NMDatePicker.framework */,
			);
			name = Products;
			sourceTree = "<group>";
		};
		63B930FC1A630B64001F4A5B = {
			isa = PBXGroup;
			children = (
				63B931071A630B64001F4A5B /* TestApp4 */,
				63B9311B1A630B64001F4A5B /* TestApp4Tests */,
				63B931061A630B64001F4A5B /* Products */,
				504778A61D2252930014B82E /* NMDatePicker.xcodeproj */,
			);
			sourceTree = "<group>";
		};
		63B931061A630B64001F4A5B /* Products */ = {
			isa = PBXGroup;
			children = (
				63B931051A630B64001F4A5B /* TestApp4.app */,
				63B931181A630B64001F4A5B /* TestApp4Tests.xctest */,
			);
			name = Products;
			sourceTree = "<group>";
		};
		63B931071A630B64001F4A5B /* TestApp4 */ = {
			isa = PBXGroup;
			children = (
				63B9310A1A630B64001F4A5B /* AppDelegate.h */,
				63B9310B1A630B64001F4A5B /* AppDelegate.m */,
				63B9310F1A630B64001F4A5B /* Images.xcassets */,
				63B931111A630B64001F4A5B /* MainMenu.xib */,
				63B931081A630B64001F4A5B /* Supporting Files */,
				63B931281A630BB0001F4A5B /* TestApp4-Bridging-Header.h */,
			);
			path = TestApp4;
			sourceTree = "<group>";
		};
		63B931081A630B64001F4A5B /* Supporting Files */ = {
			isa = PBXGroup;
			children = (
				63B931091A630B64001F4A5B /* Info.plist */,
				63B9310D1A630B64001F4A5B /* main.m */,
			);
			name = "Supporting Files";
			sourceTree = "<group>";
		};
		63B9311B1A630B64001F4A5B /* TestApp4Tests */ = {
			isa = PBXGroup;
			children = (
				63B9311E1A630B64001F4A5B /* TestApp4Tests.m */,
				63B9311C1A630B64001F4A5B /* Supporting Files */,
			);
			path = TestApp4Tests;
			sourceTree = "<group>";
		};
		63B9311C1A630B64001F4A5B /* Supporting Files */ = {
			isa = PBXGroup;
			children = (
				63B9311D1A630B64001F4A5B /* Info.plist */,
			);
			name = "Supporting Files";
			sourceTree = "<group>";
		};
/* End PBXGroup section */

/* Begin PBXNativeTarget section */
		63B931041A630B64001F4A5B /* TestApp4 */ = {
			isa = PBXNativeTarget;
			buildConfigurationList = 63B931221A630B64001F4A5B /* Build configuration list for PBXNativeTarget "TestApp4" */;
			buildPhases = (
				63B931011A630B64001F4A5B /* Sources */,
				63B931021A630B64001F4A5B /* Frameworks */,
				63B931031A630B64001F4A5B /* Resources */,
				504778B01D22529F0014B82E /* Embed Frameworks */,
			);
			buildRules = (
			);
			dependencies = (
				504778AF1D22529E0014B82E /* PBXTargetDependency */,
			);
			name = TestApp4;
			productName = TestApp4;
			productReference = 63B931051A630B64001F4A5B /* TestApp4.app */;
			productType = "com.apple.product-type.application";
		};
		63B931171A630B64001F4A5B /* TestApp4Tests */ = {
			isa = PBXNativeTarget;
			buildConfigurationList = 63B931251A630B64001F4A5B /* Build configuration list for PBXNativeTarget "TestApp4Tests" */;
			buildPhases = (
				63B931141A630B64001F4A5B /* Sources */,
				63B931151A630B64001F4A5B /* Frameworks */,
				63B931161A630B64001F4A5B /* Resources */,
			);
			buildRules = (
			);
			dependencies = (
				63B9311A1A630B64001F4A5B /* PBXTargetDependency */,
			);
			name = TestApp4Tests;
			productName = TestApp4Tests;
			productReference = 63B931181A630B64001F4A5B /* TestApp4Tests.xctest */;
			productType = "com.apple.product-type.bundle.unit-test";
		};
/* End PBXNativeTarget section */

/* Begin PBXProject section */
		63B930FD1A630B64001F4A5B /* Project object */ = {
			isa = PBXProject;
			attributes = {
				LastSwiftUpdateCheck = 0700;
				LastUpgradeCheck = 0700;
				ORGANIZATIONNAME = Netmedia;
				TargetAttributes = {
					63B931041A630B64001F4A5B = {
						CreatedOnToolsVersion = 6.1.1;
					};
					63B931171A630B64001F4A5B = {
						CreatedOnToolsVersion = 6.1.1;
						TestTargetID = 63B931041A630B64001F4A5B;
					};
				};
			};
			buildConfigurationList = 63B931001A630B64001F4A5B /* Build configuration list for PBXProject "TestApp4" */;
			compatibilityVersion = "Xcode 3.2";
			developmentRegion = English;
			hasScannedForEncodings = 0;
			knownRegions = (
				en,
				Base,
			);
			mainGroup = 63B930FC1A630B64001F4A5B;
			productRefGroup = 63B931061A630B64001F4A5B /* Products */;
			projectDirPath = "";
			projectReferences = (
				{
					ProductGroup = 504778A71D2252930014B82E /* Products */;
					ProjectRef = 504778A61D2252930014B82E /* NMDatePicker.xcodeproj */;
				},
			);
			projectRoot = "";
			targets = (
				63B931041A630B64001F4A5B /* TestApp4 */,
				63B931171A630B64001F4A5B /* TestApp4Tests */,
			);
		};
/* End PBXProject section */

/* Begin PBXReferenceProxy section */
		504778AB1D2252930014B82E /* NMDatePicker.framework */ = {
			isa = PBXReferenceProxy;
			fileType = wrapper.framework;
			path = NMDatePicker.framework;
			remoteRef = 504778AA1D2252930014B82E /* PBXContainerItemProxy */;
			sourceTree = BUILT_PRODUCTS_DIR;
		};
/* End PBXReferenceProxy section */

/* Begin PBXResourcesBuildPhase section */
		63B931031A630B64001F4A5B /* Resources */ = {
			isa = PBXResourcesBuildPhase;
			buildActionMask = 2147483647;
			files = (
				63B931101A630B64001F4A5B /* Images.xcassets in Resources */,
				63B931131A630B64001F4A5B /* MainMenu.xib in Resources */,
			);
			runOnlyForDeploymentPostprocessing = 0;
		};
		63B931161A630B64001F4A5B /* Resources */ = {
			isa = PBXResourcesBuildPhase;
			buildActionMask = 2147483647;
			files = (
			);
			runOnlyForDeploymentPostprocessing = 0;
		};
/* End PBXResourcesBuildPhase section */

/* Begin PBXSourcesBuildPhase section */
		63B931011A630B64001F4A5B /* Sources */ = {
			isa = PBXSourcesBuildPhase;
			buildActionMask = 2147483647;
			files = (
				63B9310E1A630B64001F4A5B /* main.m in Sources */,
				63B9310C1A630B64001F4A5B /* AppDelegate.m in Sources */,
			);
			runOnlyForDeploymentPostprocessing = 0;
		};
		63B931141A630B64001F4A5B /* Sources */ = {
			isa = PBXSourcesBuildPhase;
			buildActionMask = 2147483647;
			files = (
				63B9311F1A630B64001F4A5B /* TestApp4Tests.m in Sources */,
			);
			runOnlyForDeploymentPostprocessing = 0;
		};
/* End PBXSourcesBuildPhase section */

/* Begin PBXTargetDependency section */
		504778AF1D22529E0014B82E /* PBXTargetDependency */ = {
			isa = PBXTargetDependency;
			name = NMDatePicker;
			targetProxy = 504778AE1D22529E0014B82E /* PBXContainerItemProxy */;
		};
		63B9311A1A630B64001F4A5B /* PBXTargetDependency */ = {
			isa = PBXTargetDependency;
			target = 63B931041A630B64001F4A5B /* TestApp4 */;
			targetProxy = 63B931191A630B64001F4A5B /* PBXContainerItemProxy */;
		};
/* End PBXTargetDependency section */

/* Begin PBXVariantGroup section */
		63B931111A630B64001F4A5B /* MainMenu.xib */ = {
			isa = PBXVariantGroup;
			children = (
				63B931121A630B64001F4A5B /* Base */,
			);
			name = MainMenu.xib;
			sourceTree = "<group>";
		};
/* End PBXVariantGroup section */

/* Begin XCBuildConfiguration section */
		63B931201A630B64001F4A5B /* Debug */ = {
			isa = XCBuildConfiguration;
			buildSettings = {
				ALWAYS_SEARCH_USER_PATHS = NO;
				CLANG_CXX_LANGUAGE_STANDARD = "gnu++0x";
				CLANG_CXX_LIBRARY = "libc++";
				CLANG_ENABLE_MODULES = YES;
				CLANG_ENABLE_OBJC_ARC = YES;
				CLANG_WARN_BOOL_CONVERSION = YES;
				CLANG_WARN_CONSTANT_CONVERSION = YES;
				CLANG_WARN_DIRECT_OBJC_ISA_USAGE = YES_ERROR;
				CLANG_WARN_EMPTY_BODY = YES;
				CLANG_WARN_ENUM_CONVERSION = YES;
				CLANG_WARN_INT_CONVERSION = YES;
				CLANG_WARN_OBJC_ROOT_CLASS = YES_ERROR;
				CLANG_WARN_UNREACHABLE_CODE = YES;
				CLANG_WARN__DUPLICATE_METHOD_MATCH = YES;
				CODE_SIGN_IDENTITY = "-";
				COPY_PHASE_STRIP = NO;
				ENABLE_STRICT_OBJC_MSGSEND = YES;
				ENABLE_TESTABILITY = YES;
				GCC_C_LANGUAGE_STANDARD = gnu99;
				GCC_DYNAMIC_NO_PIC = NO;
				GCC_OPTIMIZATION_LEVEL = 0;
				GCC_PREPROCESSOR_DEFINITIONS = (
					"DEBUG=1",
					"$(inherited)",
				);
				GCC_SYMBOLS_PRIVATE_EXTERN = NO;
				GCC_WARN_64_TO_32_BIT_CONVERSION = YES;
				GCC_WARN_ABOUT_RETURN_TYPE = YES_ERROR;
				GCC_WARN_UNDECLARED_SELECTOR = YES;
				GCC_WARN_UNINITIALIZED_AUTOS = YES_AGGRESSIVE;
				GCC_WARN_UNUSED_FUNCTION = YES;
				GCC_WARN_UNUSED_VARIABLE = YES;
				MACOSX_DEPLOYMENT_TARGET = 10.10;
				MTL_ENABLE_DEBUG_INFO = YES;
				ONLY_ACTIVE_ARCH = YES;
				SDKROOT = macosx;
			};
			name = Debug;
		};
		63B931211A630B64001F4A5B /* Release */ = {
			isa = XCBuildConfiguration;
			buildSettings = {
				ALWAYS_SEARCH_USER_PATHS = NO;
				CLANG_CXX_LANGUAGE_STANDARD = "gnu++0x";
				CLANG_CXX_LIBRARY = "libc++";
				CLANG_ENABLE_MODULES = YES;
				CLANG_ENABLE_OBJC_ARC = YES;
				CLANG_WARN_BOOL_CONVERSION = YES;
				CLANG_WARN_CONSTANT_CONVERSION = YES;
				CLANG_WARN_DIRECT_OBJC_ISA_USAGE = YES_ERROR;
				CLANG_WARN_EMPTY_BODY = YES;
				CLANG_WARN_ENUM_CONVERSION = YES;
				CLANG_WARN_INT_CONVERSION = YES;
				CLANG_WARN_OBJC_ROOT_CLASS = YES_ERROR;
				CLANG_WARN_UNREACHABLE_CODE = YES;
				CLANG_WARN__DUPLICATE_METHOD_MATCH = YES;
				CODE_SIGN_IDENTITY = "-";
				COPY_PHASE_STRIP = YES;
				DEBUG_INFORMATION_FORMAT = "dwarf-with-dsym";
				ENABLE_NS_ASSERTIONS = NO;
				ENABLE_STRICT_OBJC_MSGSEND = YES;
				GCC_C_LANGUAGE_STANDARD = gnu99;
				GCC_WARN_64_TO_32_BIT_CONVERSION = YES;
				GCC_WARN_ABOUT_RETURN_TYPE = YES_ERROR;
				GCC_WARN_UNDECLARED_SELECTOR = YES;
				GCC_WARN_UNINITIALIZED_AUTOS = YES_AGGRESSIVE;
				GCC_WARN_UNUSED_FUNCTION = YES;
				GCC_WARN_UNUSED_VARIABLE = YES;
				MACOSX_DEPLOYMENT_TARGET = 10.10;
				MTL_ENABLE_DEBUG_INFO = NO;
				SDKROOT = macosx;
			};
			name = Release;
		};
		63B931231A630B64001F4A5B /* Debug */ = {
			isa = XCBuildConfiguration;
			buildSettings = {
				ASSETCATALOG_COMPILER_APPICON_NAME = AppIcon;
				CLANG_ENABLE_MODULES = YES;
				COMBINE_HIDPI_IMAGES = YES;
				EMBEDDED_CONTENT_CONTAINS_SWIFT = YES;
				INFOPLIST_FILE = TestApp4/Info.plist;
				LD_RUNPATH_SEARCH_PATHS = "$(inherited) @executable_path/../Frameworks";
				PRODUCT_BUNDLE_IDENTIFIER = "com.netmedia-software.$(PRODUCT_NAME:rfc1034identifier)";
				PRODUCT_NAME = "$(TARGET_NAME)";
				SWIFT_OBJC_BRIDGING_HEADER = "TestApp4/TestApp4-Bridging-Header.h";
				SWIFT_OPTIMIZATION_LEVEL = "-Onone";
			};
			name = Debug;
		};
		63B931241A630B64001F4A5B /* Release */ = {
			isa = XCBuildConfiguration;
			buildSettings = {
				ASSETCATALOG_COMPILER_APPICON_NAME = AppIcon;
				CLANG_ENABLE_MODULES = YES;
				COMBINE_HIDPI_IMAGES = YES;
				EMBEDDED_CONTENT_CONTAINS_SWIFT = YES;
				INFOPLIST_FILE = TestApp4/Info.plist;
				LD_RUNPATH_SEARCH_PATHS = "$(inherited) @executable_path/../Frameworks";
				PRODUCT_BUNDLE_IDENTIFIER = "com.netmedia-software.$(PRODUCT_NAME:rfc1034identifier)";
				PRODUCT_NAME = "$(TARGET_NAME)";
				SWIFT_OBJC_BRIDGING_HEADER = "TestApp4/TestApp4-Bridging-Header.h";
			};
			name = Release;
		};
		63B931261A630B64001F4A5B /* Debug */ = {
			isa = XCBuildConfiguration;
			buildSettings = {
				BUNDLE_LOADER = "$(TEST_HOST)";
				COMBINE_HIDPI_IMAGES = YES;
				FRAMEWORK_SEARCH_PATHS = (
					"$(DEVELOPER_FRAMEWORKS_DIR)",
					"$(inherited)",
				);
				GCC_PREPROCESSOR_DEFINITIONS = (
					"DEBUG=1",
					"$(inherited)",
				);
				INFOPLIST_FILE = TestApp4Tests/Info.plist;
				LD_RUNPATH_SEARCH_PATHS = "$(inherited) @executable_path/../Frameworks @loader_path/../Frameworks";
				PRODUCT_BUNDLE_IDENTIFIER = "com.netmedia-software.$(PRODUCT_NAME:rfc1034identifier)";
				PRODUCT_NAME = "$(TARGET_NAME)";
				TEST_HOST = "$(BUILT_PRODUCTS_DIR)/TestApp4.app/Contents/MacOS/TestApp4";
			};
			name = Debug;
		};
		63B931271A630B64001F4A5B /* Release */ = {
			isa = XCBuildConfiguration;
			buildSettings = {
				BUNDLE_LOADER = "$(TEST_HOST)";
				COMBINE_HIDPI_IMAGES = YES;
				FRAMEWORK_SEARCH_PATHS = (
					"$(DEVELOPER_FRAMEWORKS_DIR)",
					"$(inherited)",
				);
				INFOPLIST_FILE = TestApp4Tests/Info.plist;
				LD_RUNPATH_SEARCH_PATHS = "$(inherited) @executable_path/../Frameworks @loader_path/../Frameworks";
				PRODUCT_BUNDLE_IDENTIFIER = "com.netmedia-software.$(PRODUCT_NAME:rfc1034identifier)";
				PRODUCT_NAME = "$(TARGET_NAME)";
				TEST_HOST = "$(BUILT_PRODUCTS_DIR)/TestApp4.app/Contents/MacOS/TestApp4";
			};
			name = Release;
		};
/* End XCBuildConfiguration section */

/* Begin XCConfigurationList section */
		63B931001A630B64001F4A5B /* Build configuration list for PBXProject "TestApp4" */ = {
			isa = XCConfigurationList;
			buildConfigurations = (
				63B931201A630B64001F4A5B /* Debug */,
				63B931211A630B64001F4A5B /* Release */,
			);
			defaultConfigurationIsVisible = 0;
			defaultConfigurationName = Release;
		};
		63B931221A630B64001F4A5B /* Build configuration list for PBXNativeTarget "TestApp4" */ = {
			isa = XCConfigurationList;
			buildConfigurations = (
				63B931231A630B64001F4A5B /* Debug */,
				63B931241A630B64001F4A5B /* Release */,
			);
			defaultConfigurationIsVisible = 0;
			defaultConfigurationName = Release;
		};
		63B931251A630B64001F4A5B /* Build configuration list for PBXNativeTarget "TestApp4Tests" */ = {
			isa = XCConfigurationList;
			buildConfigurations = (
				63B931261A630B64001F4A5B /* Debug */,
				63B931271A630B64001F4A5B /* Release */,
			);
			defaultConfigurationIsVisible = 0;
			defaultConfigurationName = Release;
		};
/* End XCConfigurationList section */
	};
	rootObject = 63B930FD1A630B64001F4A5B /* Project object */;
}
