// !$*UTF8*$!
{
	archiveVersion = 1;
	classes = {
	};
	objectVersion = 48;
	objects = {

/* Begin PBXBuildFile section */
		636F4E3A205F0A010096C9E1 /* AppDelegate.swift in Sources */ = {isa = PBXBuildFile; fileRef = 636F4E39205F0A010096C9E1 /* AppDelegate.swift */; };
		636F4E3C205F0A010096C9E1 /* ViewController.swift in Sources */ = {isa = PBXBuildFile; fileRef = 636F4E3B205F0A010096C9E1 /* ViewController.swift */; };
		636F4E3E205F0A010096C9E1 /* Assets.xcassets in Resources */ = {isa = PBXBuildFile; fileRef = 636F4E3D205F0A010096C9E1 /* Assets.xcassets */; };
		636F4E41205F0A010096C9E1 /* Main.storyboard in Resources */ = {isa = PBXBuildFile; fileRef = 636F4E3F205F0A010096C9E1 /* Main.storyboard */; };
		636F4E4A205F0A6C0096C9E1 /* Cartfile in Resources */ = {isa = PBXBuildFile; fileRef = 636F4E49205F0A6C0096C9E1 /* Cartfile */; };
		636F4E4D205F0BDD0096C9E1 /* NMDatePicker.framework in Frameworks */ = {isa = PBXBuildFile; fileRef = 636F4E4C205F0BDD0096C9E1 /* NMDatePicker.framework */; };
/* End PBXBuildFile section */

/* Begin PBXFileReference section */
		636F4E36205F0A010096C9E1 /* TestApp4.app */ = {isa = PBXFileReference; explicitFileType = wrapper.application; includeInIndex = 0; path = TestApp4.app; sourceTree = BUILT_PRODUCTS_DIR; };
		636F4E39205F0A010096C9E1 /* AppDelegate.swift */ = {isa = PBXFileReference; lastKnownFileType = sourcecode.swift; path = AppDelegate.swift; sourceTree = "<group>"; };
		636F4E3B205F0A010096C9E1 /* ViewController.swift */ = {isa = PBXFileReference; lastKnownFileType = sourcecode.swift; path = ViewController.swift; sourceTree = "<group>"; };
		636F4E3D205F0A010096C9E1 /* Assets.xcassets */ = {isa = PBXFileReference; lastKnownFileType = folder.assetcatalog; path = Assets.xcassets; sourceTree = "<group>"; };
		636F4E40205F0A010096C9E1 /* Base */ = {isa = PBXFileReference; lastKnownFileType = file.storyboard; name = Base; path = Base.lproj/Main.storyboard; sourceTree = "<group>"; };
		636F4E42205F0A010096C9E1 /* Info.plist */ = {isa = PBXFileReference; lastKnownFileType = text.plist.xml; path = Info.plist; sourceTree = "<group>"; };
		636F4E43205F0A010096C9E1 /* TestApp4.entitlements */ = {isa = PBXFileReference; lastKnownFileType = text.plist.entitlements; path = TestApp4.entitlements; sourceTree = "<group>"; };
		636F4E49205F0A6C0096C9E1 /* Cartfile */ = {isa = PBXFileReference; fileEncoding = 4; lastKnownFileType = text; path = Cartfile; sourceTree = SOURCE_ROOT; };
		636F4E4C205F0BDD0096C9E1 /* NMDatePicker.framework */ = {isa = PBXFileReference; lastKnownFileType = wrapper.framework; name = NMDatePicker.framework; path = Carthage/Build/Mac/NMDatePicker.framework; sourceTree = "<group>"; };
/* End PBXFileReference section */

/* Begin PBXFrameworksBuildPhase section */
		636F4E33205F0A010096C9E1 /* Frameworks */ = {
			isa = PBXFrameworksBuildPhase;
			buildActionMask = 2147483647;
			files = (
				636F4E4D205F0BDD0096C9E1 /* NMDatePicker.framework in Frameworks */,
			);
			runOnlyForDeploymentPostprocessing = 0;
		};
/* End PBXFrameworksBuildPhase section */

/* Begin PBXGroup section */
		636F4E2D205F0A010096C9E1 = {
			isa = PBXGroup;
			children = (
				636F4E38205F0A010096C9E1 /* TestApp4 */,
				636F4E37205F0A010096C9E1 /* Products */,
				636F4E4B205F0BDD0096C9E1 /* Frameworks */,
			);
			sourceTree = "<group>";
		};
		636F4E37205F0A010096C9E1 /* Products */ = {
			isa = PBXGroup;
			children = (
				636F4E36205F0A010096C9E1 /* TestApp4.app */,
			);
			name = Products;
			sourceTree = "<group>";
		};
		636F4E38205F0A010096C9E1 /* TestApp4 */ = {
			isa = PBXGroup;
			children = (
				636F4E49205F0A6C0096C9E1 /* Cartfile */,
				636F4E39205F0A010096C9E1 /* AppDelegate.swift */,
				636F4E3B205F0A010096C9E1 /* ViewController.swift */,
				636F4E3D205F0A010096C9E1 /* Assets.xcassets */,
				636F4E3F205F0A010096C9E1 /* Main.storyboard */,
				636F4E42205F0A010096C9E1 /* Info.plist */,
				636F4E43205F0A010096C9E1 /* TestApp4.entitlements */,
			);
			path = TestApp4;
			sourceTree = "<group>";
		};
		636F4E4B205F0BDD0096C9E1 /* Frameworks */ = {
			isa = PBXGroup;
			children = (
				636F4E4C205F0BDD0096C9E1 /* NMDatePicker.framework */,
			);
			name = Frameworks;
			sourceTree = "<group>";
		};
/* End PBXGroup section */

/* Begin PBXNativeTarget section */
		636F4E35205F0A010096C9E1 /* TestApp4 */ = {
			isa = PBXNativeTarget;
			buildConfigurationList = 636F4E46205F0A010096C9E1 /* Build configuration list for PBXNativeTarget "TestApp4" */;
			buildPhases = (
				636F4E32205F0A010096C9E1 /* Sources */,
				636F4E33205F0A010096C9E1 /* Frameworks */,
				636F4E34205F0A010096C9E1 /* Resources */,
				636F4E4E205F0BFE0096C9E1 /* ShellScript */,
			);
			buildRules = (
			);
			dependencies = (
			);
			name = TestApp4;
			productName = TestApp4;
			productReference = 636F4E36205F0A010096C9E1 /* TestApp4.app */;
			productType = "com.apple.product-type.application";
		};
/* End PBXNativeTarget section */

/* Begin PBXProject section */
		636F4E2E205F0A010096C9E1 /* Project object */ = {
			isa = PBXProject;
			attributes = {
				LastSwiftUpdateCheck = 0920;
				LastUpgradeCheck = 0920;
				ORGANIZATIONNAME = "Grzegorz Kopel";
				TargetAttributes = {
					636F4E35205F0A010096C9E1 = {
						CreatedOnToolsVersion = 9.2;
						ProvisioningStyle = Automatic;
					};
				};
			};
			buildConfigurationList = 636F4E31205F0A010096C9E1 /* Build configuration list for PBXProject "TestApp4" */;
			compatibilityVersion = "Xcode 8.0";
			developmentRegion = en;
			hasScannedForEncodings = 0;
			knownRegions = (
				en,
				Base,
			);
			mainGroup = 636F4E2D205F0A010096C9E1;
			productRefGroup = 636F4E37205F0A010096C9E1 /* Products */;
			projectDirPath = "";
			projectRoot = "";
			targets = (
				636F4E35205F0A010096C9E1 /* TestApp4 */,
			);
		};
/* End PBXProject section */

/* Begin PBXResourcesBuildPhase section */
		636F4E34205F0A010096C9E1 /* Resources */ = {
			isa = PBXResourcesBuildPhase;
			buildActionMask = 2147483647;
			files = (
				636F4E4A205F0A6C0096C9E1 /* Cartfile in Resources */,
				636F4E3E205F0A010096C9E1 /* Assets.xcassets in Resources */,
				636F4E41205F0A010096C9E1 /* Main.storyboard in Resources */,
			);
			runOnlyForDeploymentPostprocessing = 0;
		};
/* End PBXResourcesBuildPhase section */

/* Begin PBXShellScriptBuildPhase section */
		636F4E4E205F0BFE0096C9E1 /* ShellScript */ = {
			isa = PBXShellScriptBuildPhase;
			buildActionMask = 2147483647;
			files = (
			);
			inputPaths = (
				"$(SRCROOT)/Carthage/Build/Mac/NMDatePicker.framework",
			);
			outputPaths = (
			);
			runOnlyForDeploymentPostprocessing = 0;
			shellPath = /bin/sh;
			shellScript = "/usr/local/bin/carthage copy-frameworks";
		};
/* End PBXShellScriptBuildPhase section */

/* Begin PBXSourcesBuildPhase section */
		636F4E32205F0A010096C9E1 /* Sources */ = {
			isa = PBXSourcesBuildPhase;
			buildActionMask = 2147483647;
			files = (
				636F4E3C205F0A010096C9E1 /* ViewController.swift in Sources */,
				636F4E3A205F0A010096C9E1 /* AppDelegate.swift in Sources */,
			);
			runOnlyForDeploymentPostprocessing = 0;
		};
/* End PBXSourcesBuildPhase section */

/* Begin PBXVariantGroup section */
		636F4E3F205F0A010096C9E1 /* Main.storyboard */ = {
			isa = PBXVariantGroup;
			children = (
				636F4E40205F0A010096C9E1 /* Base */,
			);
			name = Main.storyboard;
			sourceTree = "<group>";
		};
/* End PBXVariantGroup section */

/* Begin XCBuildConfiguration section */
		636F4E44205F0A010096C9E1 /* Debug */ = {
			isa = XCBuildConfiguration;
			buildSettings = {
				ALWAYS_SEARCH_USER_PATHS = NO;
				CLANG_ANALYZER_NONNULL = YES;
				CLANG_ANALYZER_NUMBER_OBJECT_CONVERSION = YES_AGGRESSIVE;
				CLANG_CXX_LANGUAGE_STANDARD = "gnu++14";
				CLANG_CXX_LIBRARY = "libc++";
				CLANG_ENABLE_MODULES = YES;
				CLANG_ENABLE_OBJC_ARC = YES;
				CLANG_WARN_BLOCK_CAPTURE_AUTORELEASING = YES;
				CLANG_WARN_BOOL_CONVERSION = YES;
				CLANG_WARN_COMMA = YES;
				CLANG_WARN_CONSTANT_CONVERSION = YES;
				CLANG_WARN_DIRECT_OBJC_ISA_USAGE = YES_ERROR;
				CLANG_WARN_DOCUMENTATION_COMMENTS = YES;
				CLANG_WARN_EMPTY_BODY = YES;
				CLANG_WARN_ENUM_CONVERSION = YES;
				CLANG_WARN_INFINITE_RECURSION = YES;
				CLANG_WARN_INT_CONVERSION = YES;
				CLANG_WARN_NON_LITERAL_NULL_CONVERSION = YES;
				CLANG_WARN_OBJC_LITERAL_CONVERSION = YES;
				CLANG_WARN_OBJC_ROOT_CLASS = YES_ERROR;
				CLANG_WARN_RANGE_LOOP_ANALYSIS = YES;
				CLANG_WARN_STRICT_PROTOTYPES = YES;
				CLANG_WARN_SUSPICIOUS_MOVE = YES;
				CLANG_WARN_UNGUARDED_AVAILABILITY = YES_AGGRESSIVE;
				CLANG_WARN_UNREACHABLE_CODE = YES;
				CLANG_WARN__DUPLICATE_METHOD_MATCH = YES;
				CODE_SIGN_IDENTITY = "Mac Developer";
				COPY_PHASE_STRIP = NO;
				DEBUG_INFORMATION_FORMAT = dwarf;
				ENABLE_STRICT_OBJC_MSGSEND = YES;
				ENABLE_TESTABILITY = YES;
				GCC_C_LANGUAGE_STANDARD = gnu11;
				GCC_DYNAMIC_NO_PIC = NO;
				GCC_NO_COMMON_BLOCKS = YES;
				GCC_OPTIMIZATION_LEVEL = 0;
				GCC_PREPROCESSOR_DEFINITIONS = (
					"DEBUG=1",
					"$(inherited)",
				);
				GCC_WARN_64_TO_32_BIT_CONVERSION = YES;
				GCC_WARN_ABOUT_RETURN_TYPE = YES_ERROR;
				GCC_WARN_UNDECLARED_SELECTOR = YES;
				GCC_WARN_UNINITIALIZED_AUTOS = YES_AGGRESSIVE;
				GCC_WARN_UNUSED_FUNCTION = YES;
				GCC_WARN_UNUSED_VARIABLE = YES;
				MACOSX_DEPLOYMENT_TARGET = 10.13;
				MTL_ENABLE_DEBUG_INFO = YES;
				ONLY_ACTIVE_ARCH = YES;
				SDKROOT = macosx;
				SWIFT_ACTIVE_COMPILATION_CONDITIONS = DEBUG;
				SWIFT_OPTIMIZATION_LEVEL = "-Onone";
			};
			name = Debug;
		};
		636F4E45205F0A010096C9E1 /* Release */ = {
			isa = XCBuildConfiguration;
			buildSettings = {
				ALWAYS_SEARCH_USER_PATHS = NO;
				CLANG_ANALYZER_NONNULL = YES;
				CLANG_ANALYZER_NUMBER_OBJECT_CONVERSION = YES_AGGRESSIVE;
				CLANG_CXX_LANGUAGE_STANDARD = "gnu++14";
				CLANG_CXX_LIBRARY = "libc++";
				CLANG_ENABLE_MODULES = YES;
				CLANG_ENABLE_OBJC_ARC = YES;
				CLANG_WARN_BLOCK_CAPTURE_AUTORELEASING = YES;
				CLANG_WARN_BOOL_CONVERSION = YES;
				CLANG_WARN_COMMA = YES;
				CLANG_WARN_CONSTANT_CONVERSION = YES;
				CLANG_WARN_DIRECT_OBJC_ISA_USAGE = YES_ERROR;
				CLANG_WARN_DOCUMENTATION_COMMENTS = YES;
				CLANG_WARN_EMPTY_BODY = YES;
				CLANG_WARN_ENUM_CONVERSION = YES;
				CLANG_WARN_INFINITE_RECURSION = YES;
				CLANG_WARN_INT_CONVERSION = YES;
				CLANG_WARN_NON_LITERAL_NULL_CONVERSION = YES;
				CLANG_WARN_OBJC_LITERAL_CONVERSION = YES;
				CLANG_WARN_OBJC_ROOT_CLASS = YES_ERROR;
				CLANG_WARN_RANGE_LOOP_ANALYSIS = YES;
				CLANG_WARN_STRICT_PROTOTYPES = YES;
				CLANG_WARN_SUSPICIOUS_MOVE = YES;
				CLANG_WARN_UNGUARDED_AVAILABILITY = YES_AGGRESSIVE;
				CLANG_WARN_UNREACHABLE_CODE = YES;
				CLANG_WARN__DUPLICATE_METHOD_MATCH = YES;
				CODE_SIGN_IDENTITY = "Mac Developer";
				COPY_PHASE_STRIP = NO;
				DEBUG_INFORMATION_FORMAT = "dwarf-with-dsym";
				ENABLE_NS_ASSERTIONS = NO;
				ENABLE_STRICT_OBJC_MSGSEND = YES;
				GCC_C_LANGUAGE_STANDARD = gnu11;
				GCC_NO_COMMON_BLOCKS = YES;
				GCC_WARN_64_TO_32_BIT_CONVERSION = YES;
				GCC_WARN_ABOUT_RETURN_TYPE = YES_ERROR;
				GCC_WARN_UNDECLARED_SELECTOR = YES;
				GCC_WARN_UNINITIALIZED_AUTOS = YES_AGGRESSIVE;
				GCC_WARN_UNUSED_FUNCTION = YES;
				GCC_WARN_UNUSED_VARIABLE = YES;
				MACOSX_DEPLOYMENT_TARGET = 10.13;
				MTL_ENABLE_DEBUG_INFO = NO;
				SDKROOT = macosx;
				SWIFT_OPTIMIZATION_LEVEL = "-Owholemodule";
			};
			name = Release;
		};
		636F4E47205F0A010096C9E1 /* Debug */ = {
			isa = XCBuildConfiguration;
			buildSettings = {
				ASSETCATALOG_COMPILER_APPICON_NAME = AppIcon;
				CODE_SIGN_ENTITLEMENTS = TestApp4/TestApp4.entitlements;
				CODE_SIGN_STYLE = Automatic;
				COMBINE_HIDPI_IMAGES = YES;
				DEVELOPMENT_TEAM = R9JHXPQP3A;
				FRAMEWORK_SEARCH_PATHS = (
					"$(inherited)",
					"$(PROJECT_DIR)/Carthage/Build/Mac",
				);
				INFOPLIST_FILE = TestApp4/Info.plist;
				LD_RUNPATH_SEARCH_PATHS = "$(inherited) @executable_path/../Frameworks";
				PRODUCT_BUNDLE_IDENTIFIER = "com.netmedia-software.TestApp4";
				PRODUCT_NAME = "$(TARGET_NAME)";
				SWIFT_VERSION = 4.0;
			};
			name = Debug;
		};
		636F4E48205F0A010096C9E1 /* Release */ = {
			isa = XCBuildConfiguration;
			buildSettings = {
				ASSETCATALOG_COMPILER_APPICON_NAME = AppIcon;
				CODE_SIGN_ENTITLEMENTS = TestApp4/TestApp4.entitlements;
				CODE_SIGN_STYLE = Automatic;
				COMBINE_HIDPI_IMAGES = YES;
				DEVELOPMENT_TEAM = R9JHXPQP3A;
				FRAMEWORK_SEARCH_PATHS = (
					"$(inherited)",
					"$(PROJECT_DIR)/Carthage/Build/Mac",
				);
				INFOPLIST_FILE = TestApp4/Info.plist;
				LD_RUNPATH_SEARCH_PATHS = "$(inherited) @executable_path/../Frameworks";
				PRODUCT_BUNDLE_IDENTIFIER = "com.netmedia-software.TestApp4";
				PRODUCT_NAME = "$(TARGET_NAME)";
				SWIFT_VERSION = 4.0;
			};
			name = Release;
		};
/* End XCBuildConfiguration section */

/* Begin XCConfigurationList section */
		636F4E31205F0A010096C9E1 /* Build configuration list for PBXProject "TestApp4" */ = {
			isa = XCConfigurationList;
			buildConfigurations = (
				636F4E44205F0A010096C9E1 /* Debug */,
				636F4E45205F0A010096C9E1 /* Release */,
			);
			defaultConfigurationIsVisible = 0;
			defaultConfigurationName = Release;
		};
		636F4E46205F0A010096C9E1 /* Build configuration list for PBXNativeTarget "TestApp4" */ = {
			isa = XCConfigurationList;
			buildConfigurations = (
				636F4E47205F0A010096C9E1 /* Debug */,
				636F4E48205F0A010096C9E1 /* Release */,
			);
			defaultConfigurationIsVisible = 0;
			defaultConfigurationName = Release;
		};
/* End XCConfigurationList section */
	};
	rootObject = 636F4E2E205F0A010096C9E1 /* Project object */;
}
